// !$*UTF8*$!
{
	archiveVersion = 1;
	classes = {
	};
	objectVersion = 46;
	objects = {

/* Begin PBXBuildFile section */
		112959B91E959DD3006A45C6 /* BrowseProductsViewController.swift in Sources */ = {isa = PBXBuildFile; fileRef = 112959B81E959DD3006A45C6 /* BrowseProductsViewController.swift */; };
		112959BB1E959E06006A45C6 /* Buttons.swift in Sources */ = {isa = PBXBuildFile; fileRef = 112959BA1E959E06006A45C6 /* Buttons.swift */; };
		112959BF1E959E43006A45C6 /* CheckoutRowView.swift in Sources */ = {isa = PBXBuildFile; fileRef = 112959BE1E959E43006A45C6 /* CheckoutRowView.swift */; };
		112959C11E959EA2006A45C6 /* CheckoutViewController.swift in Sources */ = {isa = PBXBuildFile; fileRef = 112959C01E959EA2006A45C6 /* CheckoutViewController.swift */; };
		112959C31E95A0EC006A45C6 /* MyAPIClient.swift in Sources */ = {isa = PBXBuildFile; fileRef = 112959C21E95A0EC006A45C6 /* MyAPIClient.swift */; };
		112959C51E95A117006A45C6 /* Networking.swift in Sources */ = {isa = PBXBuildFile; fileRef = 112959C41E95A117006A45C6 /* Networking.swift */; };
		112959C71E95A143006A45C6 /* SettingsViewController.swift in Sources */ = {isa = PBXBuildFile; fileRef = 112959C61E95A143006A45C6 /* SettingsViewController.swift */; };
		36B6613C6D8FF3B121D5C8B8 /* Pods_WTWApp2.framework in Frameworks */ = {isa = PBXBuildFile; fileRef = 116D9C9987C895533E5D621D /* Pods_WTWApp2.framework */; };
		6973A63C1E80716D002746DE /* AppDelegate.swift in Sources */ = {isa = PBXBuildFile; fileRef = 6973A63B1E80716D002746DE /* AppDelegate.swift */; };
		6973A63E1E80716D002746DE /* ViewController.swift in Sources */ = {isa = PBXBuildFile; fileRef = 6973A63D1E80716D002746DE /* ViewController.swift */; };
		6973A6411E80716D002746DE /* Main.storyboard in Resources */ = {isa = PBXBuildFile; fileRef = 6973A63F1E80716D002746DE /* Main.storyboard */; };
		6973A6431E80716D002746DE /* Assets.xcassets in Resources */ = {isa = PBXBuildFile; fileRef = 6973A6421E80716D002746DE /* Assets.xcassets */; };
		6973A6461E80716D002746DE /* LaunchScreen.storyboard in Resources */ = {isa = PBXBuildFile; fileRef = 6973A6441E80716D002746DE /* LaunchScreen.storyboard */; };
		6973A6511E80716D002746DE /* WTWApp2Tests.swift in Sources */ = {isa = PBXBuildFile; fileRef = 6973A6501E80716D002746DE /* WTWApp2Tests.swift */; };
		6973A65C1E80716D002746DE /* WTWApp2UITests.swift in Sources */ = {isa = PBXBuildFile; fileRef = 6973A65B1E80716D002746DE /* WTWApp2UITests.swift */; };
		69BCE46C1E85C5EF002139F7 /* MenuTableViewController.swift in Resources */ = {isa = PBXBuildFile; fileRef = 69BCE46B1E85C5EF002139F7 /* MenuTableViewController.swift */; };
/* End PBXBuildFile section */

/* Begin PBXContainerItemProxy section */
		6973A64D1E80716D002746DE /* PBXContainerItemProxy */ = {
			isa = PBXContainerItemProxy;
			containerPortal = 6973A6301E80716D002746DE /* Project object */;
			proxyType = 1;
			remoteGlobalIDString = 6973A6371E80716D002746DE;
			remoteInfo = WTWApp2;
		};
		6973A6581E80716D002746DE /* PBXContainerItemProxy */ = {
			isa = PBXContainerItemProxy;
			containerPortal = 6973A6301E80716D002746DE /* Project object */;
			proxyType = 1;
			remoteGlobalIDString = 6973A6371E80716D002746DE;
			remoteInfo = WTWApp2;
		};
/* End PBXContainerItemProxy section */

/* Begin PBXFileReference section */
		09771634F61F4DAF209950AA /* Pods-WTWApp2.debug.xcconfig */ = {isa = PBXFileReference; includeInIndex = 1; lastKnownFileType = text.xcconfig; name = "Pods-WTWApp2.debug.xcconfig"; path = "Pods/Target Support Files/Pods-WTWApp2/Pods-WTWApp2.debug.xcconfig"; sourceTree = "<group>"; };
		112959B81E959DD3006A45C6 /* BrowseProductsViewController.swift */ = {isa = PBXFileReference; fileEncoding = 4; lastKnownFileType = sourcecode.swift; path = BrowseProductsViewController.swift; sourceTree = "<group>"; };
		112959BA1E959E06006A45C6 /* Buttons.swift */ = {isa = PBXFileReference; fileEncoding = 4; lastKnownFileType = sourcecode.swift; path = Buttons.swift; sourceTree = "<group>"; };
		112959BE1E959E43006A45C6 /* CheckoutRowView.swift */ = {isa = PBXFileReference; fileEncoding = 4; lastKnownFileType = sourcecode.swift; path = CheckoutRowView.swift; sourceTree = "<group>"; };
		112959C01E959EA2006A45C6 /* CheckoutViewController.swift */ = {isa = PBXFileReference; fileEncoding = 4; lastKnownFileType = sourcecode.swift; path = CheckoutViewController.swift; sourceTree = "<group>"; };
		112959C21E95A0EC006A45C6 /* MyAPIClient.swift */ = {isa = PBXFileReference; fileEncoding = 4; lastKnownFileType = sourcecode.swift; path = MyAPIClient.swift; sourceTree = "<group>"; };
		112959C41E95A117006A45C6 /* Networking.swift */ = {isa = PBXFileReference; fileEncoding = 4; lastKnownFileType = sourcecode.swift; path = Networking.swift; sourceTree = "<group>"; };
		112959C61E95A143006A45C6 /* SettingsViewController.swift */ = {isa = PBXFileReference; fileEncoding = 4; lastKnownFileType = sourcecode.swift; path = SettingsViewController.swift; sourceTree = "<group>"; };
		116D9C9987C895533E5D621D /* Pods_WTWApp2.framework */ = {isa = PBXFileReference; explicitFileType = wrapper.framework; includeInIndex = 0; path = Pods_WTWApp2.framework; sourceTree = BUILT_PRODUCTS_DIR; };
		6973A6381E80716D002746DE /* WTWApp2.app */ = {isa = PBXFileReference; explicitFileType = wrapper.application; includeInIndex = 0; path = WTWApp2.app; sourceTree = BUILT_PRODUCTS_DIR; };
		6973A63B1E80716D002746DE /* AppDelegate.swift */ = {isa = PBXFileReference; lastKnownFileType = sourcecode.swift; path = AppDelegate.swift; sourceTree = "<group>"; };
		6973A63D1E80716D002746DE /* ViewController.swift */ = {isa = PBXFileReference; lastKnownFileType = sourcecode.swift; path = ViewController.swift; sourceTree = "<group>"; };
		6973A6401E80716D002746DE /* Base */ = {isa = PBXFileReference; lastKnownFileType = file.storyboard; name = Base; path = Base.lproj/Main.storyboard; sourceTree = "<group>"; };
		6973A6421E80716D002746DE /* Assets.xcassets */ = {isa = PBXFileReference; lastKnownFileType = folder.assetcatalog; path = Assets.xcassets; sourceTree = "<group>"; };
		6973A6451E80716D002746DE /* Base */ = {isa = PBXFileReference; lastKnownFileType = file.storyboard; name = Base; path = Base.lproj/LaunchScreen.storyboard; sourceTree = "<group>"; };
		6973A6471E80716D002746DE /* Info.plist */ = {isa = PBXFileReference; lastKnownFileType = text.plist.xml; path = Info.plist; sourceTree = "<group>"; };
		6973A64C1E80716D002746DE /* WTWApp2Tests.xctest */ = {isa = PBXFileReference; explicitFileType = wrapper.cfbundle; includeInIndex = 0; path = WTWApp2Tests.xctest; sourceTree = BUILT_PRODUCTS_DIR; };
		6973A6501E80716D002746DE /* WTWApp2Tests.swift */ = {isa = PBXFileReference; lastKnownFileType = sourcecode.swift; path = WTWApp2Tests.swift; sourceTree = "<group>"; };
		6973A6521E80716D002746DE /* Info.plist */ = {isa = PBXFileReference; lastKnownFileType = text.plist.xml; path = Info.plist; sourceTree = "<group>"; };
		6973A6571E80716D002746DE /* WTWApp2UITests.xctest */ = {isa = PBXFileReference; explicitFileType = wrapper.cfbundle; includeInIndex = 0; path = WTWApp2UITests.xctest; sourceTree = BUILT_PRODUCTS_DIR; };
		6973A65B1E80716D002746DE /* WTWApp2UITests.swift */ = {isa = PBXFileReference; lastKnownFileType = sourcecode.swift; path = WTWApp2UITests.swift; sourceTree = "<group>"; };
		6973A65D1E80716D002746DE /* Info.plist */ = {isa = PBXFileReference; lastKnownFileType = text.plist.xml; path = Info.plist; sourceTree = "<group>"; };
		69BCE46B1E85C5EF002139F7 /* MenuTableViewController.swift */ = {isa = PBXFileReference; fileEncoding = 4; lastKnownFileType = sourcecode.swift; path = MenuTableViewController.swift; sourceTree = "<group>"; };
		A254EB95214DCAEE3035538B /* Pods-WTWApp2.release.xcconfig */ = {isa = PBXFileReference; includeInIndex = 1; lastKnownFileType = text.xcconfig; name = "Pods-WTWApp2.release.xcconfig"; path = "Pods/Target Support Files/Pods-WTWApp2/Pods-WTWApp2.release.xcconfig"; sourceTree = "<group>"; };
/* End PBXFileReference section */

/* Begin PBXFrameworksBuildPhase section */
		6973A6351E80716D002746DE /* Frameworks */ = {
			isa = PBXFrameworksBuildPhase;
			buildActionMask = 2147483647;
			files = (
				36B6613C6D8FF3B121D5C8B8 /* Pods_WTWApp2.framework in Frameworks */,
			);
			runOnlyForDeploymentPostprocessing = 0;
		};
		6973A6491E80716D002746DE /* Frameworks */ = {
			isa = PBXFrameworksBuildPhase;
			buildActionMask = 2147483647;
			files = (
			);
			runOnlyForDeploymentPostprocessing = 0;
		};
		6973A6541E80716D002746DE /* Frameworks */ = {
			isa = PBXFrameworksBuildPhase;
			buildActionMask = 2147483647;
			files = (
			);
			runOnlyForDeploymentPostprocessing = 0;
		};
/* End PBXFrameworksBuildPhase section */

/* Begin PBXGroup section */
		263BBA3996757E08A8A89A1E /* Pods */ = {
			isa = PBXGroup;
			children = (
				09771634F61F4DAF209950AA /* Pods-WTWApp2.debug.xcconfig */,
				A254EB95214DCAEE3035538B /* Pods-WTWApp2.release.xcconfig */,
			);
			name = Pods;
			sourceTree = "<group>";
		};
		6973A62F1E80716D002746DE = {
			isa = PBXGroup;
			children = (
				6973A63A1E80716D002746DE /* WTWApp2 */,
				6973A64F1E80716D002746DE /* WTWApp2Tests */,
				6973A65A1E80716D002746DE /* WTWApp2UITests */,
				6973A6391E80716D002746DE /* Products */,
				263BBA3996757E08A8A89A1E /* Pods */,
				D451C99C3A2DAB58E8674082 /* Frameworks */,
			);
			sourceTree = "<group>";
		};
		6973A6391E80716D002746DE /* Products */ = {
			isa = PBXGroup;
			children = (
				6973A6381E80716D002746DE /* WTWApp2.app */,
				6973A64C1E80716D002746DE /* WTWApp2Tests.xctest */,
				6973A6571E80716D002746DE /* WTWApp2UITests.xctest */,
			);
			name = Products;
			sourceTree = "<group>";
		};
		6973A63A1E80716D002746DE /* WTWApp2 */ = {
			isa = PBXGroup;
			children = (
				6973A63B1E80716D002746DE /* AppDelegate.swift */,
				6973A63D1E80716D002746DE /* ViewController.swift */,
				112959B81E959DD3006A45C6 /* BrowseProductsViewController.swift */,
				69BCE46B1E85C5EF002139F7 /* MenuTableViewController.swift */,
				6973A63F1E80716D002746DE /* Main.storyboard */,
				112959BA1E959E06006A45C6 /* Buttons.swift */,
				6973A6421E80716D002746DE /* Assets.xcassets */,
				112959BE1E959E43006A45C6 /* CheckoutRowView.swift */,
				112959C01E959EA2006A45C6 /* CheckoutViewController.swift */,
				6973A6441E80716D002746DE /* LaunchScreen.storyboard */,
				6973A6471E80716D002746DE /* Info.plist */,
				112959C21E95A0EC006A45C6 /* MyAPIClient.swift */,
				112959C41E95A117006A45C6 /* Networking.swift */,
				112959C61E95A143006A45C6 /* SettingsViewController.swift */,
			);
			path = WTWApp2;
			sourceTree = "<group>";
		};
		6973A64F1E80716D002746DE /* WTWApp2Tests */ = {
			isa = PBXGroup;
			children = (
				6973A6501E80716D002746DE /* WTWApp2Tests.swift */,
				6973A6521E80716D002746DE /* Info.plist */,
			);
			path = WTWApp2Tests;
			sourceTree = "<group>";
		};
		6973A65A1E80716D002746DE /* WTWApp2UITests */ = {
			isa = PBXGroup;
			children = (
				6973A65B1E80716D002746DE /* WTWApp2UITests.swift */,
				6973A65D1E80716D002746DE /* Info.plist */,
			);
			path = WTWApp2UITests;
			sourceTree = "<group>";
		};
		D451C99C3A2DAB58E8674082 /* Frameworks */ = {
			isa = PBXGroup;
			children = (
				116D9C9987C895533E5D621D /* Pods_WTWApp2.framework */,
			);
			name = Frameworks;
			sourceTree = "<group>";
		};
/* End PBXGroup section */

/* Begin PBXNativeTarget section */
		6973A6371E80716D002746DE /* WTWApp2 */ = {
			isa = PBXNativeTarget;
			buildConfigurationList = 6973A6601E80716D002746DE /* Build configuration list for PBXNativeTarget "WTWApp2" */;
			buildPhases = (
				42CE961A8659080539ED32C5 /* [CP] Check Pods Manifest.lock */,
				6973A6341E80716D002746DE /* Sources */,
				6973A6351E80716D002746DE /* Frameworks */,
				6973A6361E80716D002746DE /* Resources */,
				110B4682BB451278A4C339F5 /* [CP] Embed Pods Frameworks */,
				D6F04FB276AB8D70695CDA05 /* [CP] Copy Pods Resources */,
			);
			buildRules = (
			);
			dependencies = (
			);
			name = WTWApp2;
			productName = WTWApp2;
			productReference = 6973A6381E80716D002746DE /* WTWApp2.app */;
			productType = "com.apple.product-type.application";
		};
		6973A64B1E80716D002746DE /* WTWApp2Tests */ = {
			isa = PBXNativeTarget;
			buildConfigurationList = 6973A6631E80716D002746DE /* Build configuration list for PBXNativeTarget "WTWApp2Tests" */;
			buildPhases = (
				6973A6481E80716D002746DE /* Sources */,
				6973A6491E80716D002746DE /* Frameworks */,
				6973A64A1E80716D002746DE /* Resources */,
			);
			buildRules = (
			);
			dependencies = (
				6973A64E1E80716D002746DE /* PBXTargetDependency */,
			);
			name = WTWApp2Tests;
			productName = WTWApp2Tests;
			productReference = 6973A64C1E80716D002746DE /* WTWApp2Tests.xctest */;
			productType = "com.apple.product-type.bundle.unit-test";
		};
		6973A6561E80716D002746DE /* WTWApp2UITests */ = {
			isa = PBXNativeTarget;
			buildConfigurationList = 6973A6661E80716D002746DE /* Build configuration list for PBXNativeTarget "WTWApp2UITests" */;
			buildPhases = (
				6973A6531E80716D002746DE /* Sources */,
				6973A6541E80716D002746DE /* Frameworks */,
				6973A6551E80716D002746DE /* Resources */,
			);
			buildRules = (
			);
			dependencies = (
				6973A6591E80716D002746DE /* PBXTargetDependency */,
			);
			name = WTWApp2UITests;
			productName = WTWApp2UITests;
			productReference = 6973A6571E80716D002746DE /* WTWApp2UITests.xctest */;
			productType = "com.apple.product-type.bundle.ui-testing";
		};
/* End PBXNativeTarget section */

/* Begin PBXProject section */
		6973A6301E80716D002746DE /* Project object */ = {
			isa = PBXProject;
			attributes = {
				LastSwiftUpdateCheck = 0820;
				LastUpgradeCheck = 0820;
				ORGANIZATIONNAME = Trevor;
				TargetAttributes = {
					6973A6371E80716D002746DE = {
						CreatedOnToolsVersion = 8.2.1;
						ProvisioningStyle = Automatic;
					};
					6973A64B1E80716D002746DE = {
						CreatedOnToolsVersion = 8.2.1;
						ProvisioningStyle = Automatic;
						TestTargetID = 6973A6371E80716D002746DE;
					};
					6973A6561E80716D002746DE = {
						CreatedOnToolsVersion = 8.2.1;
						ProvisioningStyle = Automatic;
						TestTargetID = 6973A6371E80716D002746DE;
					};
				};
			};
			buildConfigurationList = 6973A6331E80716D002746DE /* Build configuration list for PBXProject "WTWApp2" */;
			compatibilityVersion = "Xcode 3.2";
			developmentRegion = English;
			hasScannedForEncodings = 0;
			knownRegions = (
				en,
				Base,
			);
			mainGroup = 6973A62F1E80716D002746DE;
			productRefGroup = 6973A6391E80716D002746DE /* Products */;
			projectDirPath = "";
			projectRoot = "";
			targets = (
				6973A6371E80716D002746DE /* WTWApp2 */,
				6973A64B1E80716D002746DE /* WTWApp2Tests */,
				6973A6561E80716D002746DE /* WTWApp2UITests */,
			);
		};
/* End PBXProject section */

/* Begin PBXResourcesBuildPhase section */
		6973A6361E80716D002746DE /* Resources */ = {
			isa = PBXResourcesBuildPhase;
			buildActionMask = 2147483647;
			files = (
				69BCE46C1E85C5EF002139F7 /* MenuTableViewController.swift in Resources */,
				6973A6461E80716D002746DE /* LaunchScreen.storyboard in Resources */,
				6973A6431E80716D002746DE /* Assets.xcassets in Resources */,
				6973A6411E80716D002746DE /* Main.storyboard in Resources */,
			);
			runOnlyForDeploymentPostprocessing = 0;
		};
		6973A64A1E80716D002746DE /* Resources */ = {
			isa = PBXResourcesBuildPhase;
			buildActionMask = 2147483647;
			files = (
			);
			runOnlyForDeploymentPostprocessing = 0;
		};
		6973A6551E80716D002746DE /* Resources */ = {
			isa = PBXResourcesBuildPhase;
			buildActionMask = 2147483647;
			files = (
			);
			runOnlyForDeploymentPostprocessing = 0;
		};
/* End PBXResourcesBuildPhase section */

/* Begin PBXShellScriptBuildPhase section */
		110B4682BB451278A4C339F5 /* [CP] Embed Pods Frameworks */ = {
			isa = PBXShellScriptBuildPhase;
			buildActionMask = 2147483647;
			files = (
			);
			inputPaths = (
			);
			name = "[CP] Embed Pods Frameworks";
			outputPaths = (
			);
			runOnlyForDeploymentPostprocessing = 0;
			shellPath = /bin/sh;
			shellScript = "\"${SRCROOT}/Pods/Target Support Files/Pods-WTWApp2/Pods-WTWApp2-frameworks.sh\"\n";
			showEnvVarsInLog = 0;
		};
		42CE961A8659080539ED32C5 /* [CP] Check Pods Manifest.lock */ = {
			isa = PBXShellScriptBuildPhase;
			buildActionMask = 2147483647;
			files = (
			);
			inputPaths = (
			);
			name = "[CP] Check Pods Manifest.lock";
			outputPaths = (
			);
			runOnlyForDeploymentPostprocessing = 0;
			shellPath = /bin/sh;
			shellScript = "diff \"${PODS_ROOT}/../Podfile.lock\" \"${PODS_ROOT}/Manifest.lock\" > /dev/null\nif [ $? != 0 ] ; then\n    # print error to STDERR\n    echo \"error: The sandbox is not in sync with the Podfile.lock. Run 'pod install' or update your CocoaPods installation.\" >&2\n    exit 1\nfi\n";
			showEnvVarsInLog = 0;
		};
		D6F04FB276AB8D70695CDA05 /* [CP] Copy Pods Resources */ = {
			isa = PBXShellScriptBuildPhase;
			buildActionMask = 2147483647;
			files = (
			);
			inputPaths = (
			);
			name = "[CP] Copy Pods Resources";
			outputPaths = (
			);
			runOnlyForDeploymentPostprocessing = 0;
			shellPath = /bin/sh;
			shellScript = "\"${SRCROOT}/Pods/Target Support Files/Pods-WTWApp2/Pods-WTWApp2-resources.sh\"\n";
			showEnvVarsInLog = 0;
		};
/* End PBXShellScriptBuildPhase section */

/* Begin PBXSourcesBuildPhase section */
		6973A6341E80716D002746DE /* Sources */ = {
			isa = PBXSourcesBuildPhase;
			buildActionMask = 2147483647;
			files = (
				112959B91E959DD3006A45C6 /* BrowseProductsViewController.swift in Sources */,
				6973A63E1E80716D002746DE /* ViewController.swift in Sources */,
				6973A63C1E80716D002746DE /* AppDelegate.swift in Sources */,
				112959C51E95A117006A45C6 /* Networking.swift in Sources */,
				112959C31E95A0EC006A45C6 /* MyAPIClient.swift in Sources */,
				112959BF1E959E43006A45C6 /* CheckoutRowView.swift in Sources */,
				112959C11E959EA2006A45C6 /* CheckoutViewController.swift in Sources */,
				112959BB1E959E06006A45C6 /* Buttons.swift in Sources */,
				112959C71E95A143006A45C6 /* SettingsViewController.swift in Sources */,
			);
			runOnlyForDeploymentPostprocessing = 0;
		};
		6973A6481E80716D002746DE /* Sources */ = {
			isa = PBXSourcesBuildPhase;
			buildActionMask = 2147483647;
			files = (
				6973A6511E80716D002746DE /* WTWApp2Tests.swift in Sources */,
			);
			runOnlyForDeploymentPostprocessing = 0;
		};
		6973A6531E80716D002746DE /* Sources */ = {
			isa = PBXSourcesBuildPhase;
			buildActionMask = 2147483647;
			files = (
				6973A65C1E80716D002746DE /* WTWApp2UITests.swift in Sources */,
			);
			runOnlyForDeploymentPostprocessing = 0;
		};
/* End PBXSourcesBuildPhase section */

/* Begin PBXTargetDependency section */
		6973A64E1E80716D002746DE /* PBXTargetDependency */ = {
			isa = PBXTargetDependency;
			target = 6973A6371E80716D002746DE /* WTWApp2 */;
			targetProxy = 6973A64D1E80716D002746DE /* PBXContainerItemProxy */;
		};
		6973A6591E80716D002746DE /* PBXTargetDependency */ = {
			isa = PBXTargetDependency;
			target = 6973A6371E80716D002746DE /* WTWApp2 */;
			targetProxy = 6973A6581E80716D002746DE /* PBXContainerItemProxy */;
		};
/* End PBXTargetDependency section */

/* Begin PBXVariantGroup section */
		6973A63F1E80716D002746DE /* Main.storyboard */ = {
			isa = PBXVariantGroup;
			children = (
				6973A6401E80716D002746DE /* Base */,
			);
			name = Main.storyboard;
			sourceTree = "<group>";
		};
		6973A6441E80716D002746DE /* LaunchScreen.storyboard */ = {
			isa = PBXVariantGroup;
			children = (
				6973A6451E80716D002746DE /* Base */,
			);
			name = LaunchScreen.storyboard;
			sourceTree = "<group>";
		};
/* End PBXVariantGroup section */

/* Begin XCBuildConfiguration section */
		6973A65E1E80716D002746DE /* Debug */ = {
			isa = XCBuildConfiguration;
			buildSettings = {
				ALWAYS_SEARCH_USER_PATHS = NO;
				CLANG_ANALYZER_NONNULL = YES;
				CLANG_CXX_LANGUAGE_STANDARD = "gnu++0x";
				CLANG_CXX_LIBRARY = "libc++";
				CLANG_ENABLE_MODULES = YES;
				CLANG_ENABLE_OBJC_ARC = YES;
				CLANG_WARN_BOOL_CONVERSION = YES;
				CLANG_WARN_CONSTANT_CONVERSION = YES;
				CLANG_WARN_DIRECT_OBJC_ISA_USAGE = YES_ERROR;
				CLANG_WARN_DOCUMENTATION_COMMENTS = YES;
				CLANG_WARN_EMPTY_BODY = YES;
				CLANG_WARN_ENUM_CONVERSION = YES;
				CLANG_WARN_INFINITE_RECURSION = YES;
				CLANG_WARN_INT_CONVERSION = YES;
				CLANG_WARN_OBJC_ROOT_CLASS = YES_ERROR;
				CLANG_WARN_SUSPICIOUS_MOVE = YES;
				CLANG_WARN_UNREACHABLE_CODE = YES;
				CLANG_WARN__DUPLICATE_METHOD_MATCH = YES;
				"CODE_SIGN_IDENTITY[sdk=iphoneos*]" = "iPhone Developer";
				COPY_PHASE_STRIP = NO;
				DEBUG_INFORMATION_FORMAT = dwarf;
				ENABLE_STRICT_OBJC_MSGSEND = YES;
				ENABLE_TESTABILITY = YES;
				GCC_C_LANGUAGE_STANDARD = gnu99;
				GCC_DYNAMIC_NO_PIC = NO;
				GCC_NO_COMMON_BLOCKS = YES;
				GCC_OPTIMIZATION_LEVEL = 0;
				GCC_PREPROCESSOR_DEFINITIONS = (
					"DEBUG=1",
					"$(inherited)",
				);
				GCC_WARN_64_TO_32_BIT_CONVERSION = YES;
				GCC_WARN_ABOUT_RETURN_TYPE = YES_ERROR;
				GCC_WARN_UNDECLARED_SELECTOR = YES;
				GCC_WARN_UNINITIALIZED_AUTOS = YES_AGGRESSIVE;
				GCC_WARN_UNUSED_FUNCTION = YES;
				GCC_WARN_UNUSED_VARIABLE = YES;
				IPHONEOS_DEPLOYMENT_TARGET = 10.2;
				MTL_ENABLE_DEBUG_INFO = YES;
				ONLY_ACTIVE_ARCH = YES;
				SDKROOT = iphoneos;
				SWIFT_ACTIVE_COMPILATION_CONDITIONS = DEBUG;
				SWIFT_OPTIMIZATION_LEVEL = "-Onone";
			};
			name = Debug;
		};
		6973A65F1E80716D002746DE /* Release */ = {
			isa = XCBuildConfiguration;
			buildSettings = {
				ALWAYS_SEARCH_USER_PATHS = NO;
				CLANG_ANALYZER_NONNULL = YES;
				CLANG_CXX_LANGUAGE_STANDARD = "gnu++0x";
				CLANG_CXX_LIBRARY = "libc++";
				CLANG_ENABLE_MODULES = YES;
				CLANG_ENABLE_OBJC_ARC = YES;
				CLANG_WARN_BOOL_CONVERSION = YES;
				CLANG_WARN_CONSTANT_CONVERSION = YES;
				CLANG_WARN_DIRECT_OBJC_ISA_USAGE = YES_ERROR;
				CLANG_WARN_DOCUMENTATION_COMMENTS = YES;
				CLANG_WARN_EMPTY_BODY = YES;
				CLANG_WARN_ENUM_CONVERSION = YES;
				CLANG_WARN_INFINITE_RECURSION = YES;
				CLANG_WARN_INT_CONVERSION = YES;
				CLANG_WARN_OBJC_ROOT_CLASS = YES_ERROR;
				CLANG_WARN_SUSPICIOUS_MOVE = YES;
				CLANG_WARN_UNREACHABLE_CODE = YES;
				CLANG_WARN__DUPLICATE_METHOD_MATCH = YES;
				"CODE_SIGN_IDENTITY[sdk=iphoneos*]" = "iPhone Developer";
				COPY_PHASE_STRIP = NO;
				DEBUG_INFORMATION_FORMAT = "dwarf-with-dsym";
				ENABLE_NS_ASSERTIONS = NO;
				ENABLE_STRICT_OBJC_MSGSEND = YES;
				GCC_C_LANGUAGE_STANDARD = gnu99;
				GCC_NO_COMMON_BLOCKS = YES;
				GCC_WARN_64_TO_32_BIT_CONVERSION = YES;
				GCC_WARN_ABOUT_RETURN_TYPE = YES_ERROR;
				GCC_WARN_UNDECLARED_SELECTOR = YES;
				GCC_WARN_UNINITIALIZED_AUTOS = YES_AGGRESSIVE;
				GCC_WARN_UNUSED_FUNCTION = YES;
				GCC_WARN_UNUSED_VARIABLE = YES;
				IPHONEOS_DEPLOYMENT_TARGET = 10.2;
				MTL_ENABLE_DEBUG_INFO = NO;
				SDKROOT = iphoneos;
				SWIFT_OPTIMIZATION_LEVEL = "-Owholemodule";
				VALIDATE_PRODUCT = YES;
			};
			name = Release;
		};
		6973A6611E80716D002746DE /* Debug */ = {
			isa = XCBuildConfiguration;
			baseConfigurationReference = 09771634F61F4DAF209950AA /* Pods-WTWApp2.debug.xcconfig */;
			buildSettings = {
				ASSETCATALOG_COMPILER_APPICON_NAME = AppIcon;
				CODE_SIGN_IDENTITY = "iPhone Developer";
				"CODE_SIGN_IDENTITY[sdk=iphoneos*]" = "iPhone Developer";
				DEVELOPMENT_TEAM = "";
				INFOPLIST_FILE = WTWApp2/Info.plist;
				LD_RUNPATH_SEARCH_PATHS = "$(inherited) @executable_path/Frameworks";
				PRODUCT_BUNDLE_IDENTIFIER = Riddle.WTWApp2;
				PRODUCT_NAME = "$(TARGET_NAME)";
				PROVISIONING_PROFILE_SPECIFIER = "";
				SWIFT_VERSION = 3.0;
			};
			name = Debug;
		};
		6973A6621E80716D002746DE /* Release */ = {
			isa = XCBuildConfiguration;
			baseConfigurationReference = A254EB95214DCAEE3035538B /* Pods-WTWApp2.release.xcconfig */;
			buildSettings = {
				ASSETCATALOG_COMPILER_APPICON_NAME = AppIcon;
				CODE_SIGN_IDENTITY = "iPhone Developer";
				"CODE_SIGN_IDENTITY[sdk=iphoneos*]" = "iPhone Developer";
				DEVELOPMENT_TEAM = "";
				INFOPLIST_FILE = WTWApp2/Info.plist;
				LD_RUNPATH_SEARCH_PATHS = "$(inherited) @executable_path/Frameworks";
				PRODUCT_BUNDLE_IDENTIFIER = Riddle.WTWApp2;
				PRODUCT_NAME = "$(TARGET_NAME)";
				PROVISIONING_PROFILE_SPECIFIER = "";
				SWIFT_VERSION = 3.0;
			};
			name = Release;
		};
		6973A6641E80716D002746DE /* Debug */ = {
			isa = XCBuildConfiguration;
			buildSettings = {
				ALWAYS_EMBED_SWIFT_STANDARD_LIBRARIES = YES;
				BUNDLE_LOADER = "$(TEST_HOST)";
				INFOPLIST_FILE = WTWApp2Tests/Info.plist;
				LD_RUNPATH_SEARCH_PATHS = "$(inherited) @executable_path/Frameworks @loader_path/Frameworks";
				PRODUCT_BUNDLE_IDENTIFIER = Riddle.WTWApp2Tests;
				PRODUCT_NAME = "$(TARGET_NAME)";
				SWIFT_VERSION = 3.0;
				TEST_HOST = "$(BUILT_PRODUCTS_DIR)/WTWApp2.app/WTWApp2";
			};
			name = Debug;
		};
		6973A6651E80716D002746DE /* Release */ = {
			isa = XCBuildConfiguration;
			buildSettings = {
				ALWAYS_EMBED_SWIFT_STANDARD_LIBRARIES = YES;
				BUNDLE_LOADER = "$(TEST_HOST)";
				INFOPLIST_FILE = WTWApp2Tests/Info.plist;
				LD_RUNPATH_SEARCH_PATHS = "$(inherited) @executable_path/Frameworks @loader_path/Frameworks";
				PRODUCT_BUNDLE_IDENTIFIER = Riddle.WTWApp2Tests;
				PRODUCT_NAME = "$(TARGET_NAME)";
				SWIFT_VERSION = 3.0;
				TEST_HOST = "$(BUILT_PRODUCTS_DIR)/WTWApp2.app/WTWApp2";
			};
			name = Release;
		};
		6973A6671E80716D002746DE /* Debug */ = {
			isa = XCBuildConfiguration;
			buildSettings = {
				ALWAYS_EMBED_SWIFT_STANDARD_LIBRARIES = YES;
				INFOPLIST_FILE = WTWApp2UITests/Info.plist;
				LD_RUNPATH_SEARCH_PATHS = "$(inherited) @executable_path/Frameworks @loader_path/Frameworks";
				PRODUCT_BUNDLE_IDENTIFIER = Riddle.WTWApp2UITests;
				PRODUCT_NAME = "$(TARGET_NAME)";
				SWIFT_VERSION = 3.0;
				TEST_TARGET_NAME = WTWApp2;
			};
			name = Debug;
		};
		6973A6681E80716D002746DE /* Release */ = {
			isa = XCBuildConfiguration;
			buildSettings = {
				ALWAYS_EMBED_SWIFT_STANDARD_LIBRARIES = YES;
				INFOPLIST_FILE = WTWApp2UITests/Info.plist;
				LD_RUNPATH_SEARCH_PATHS = "$(inherited) @executable_path/Frameworks @loader_path/Frameworks";
				PRODUCT_BUNDLE_IDENTIFIER = Riddle.WTWApp2UITests;
				PRODUCT_NAME = "$(TARGET_NAME)";
				SWIFT_VERSION = 3.0;
				TEST_TARGET_NAME = WTWApp2;
			};
			name = Release;
		};
/* End XCBuildConfiguration section */

/* Begin XCConfigurationList section */
		6973A6331E80716D002746DE /* Build configuration list for PBXProject "WTWApp2" */ = {
			isa = XCConfigurationList;
			buildConfigurations = (
				6973A65E1E80716D002746DE /* Debug */,
				6973A65F1E80716D002746DE /* Release */,
			);
			defaultConfigurationIsVisible = 0;
			defaultConfigurationName = Release;
		};
		6973A6601E80716D002746DE /* Build configuration list for PBXNativeTarget "WTWApp2" */ = {
			isa = XCConfigurationList;
			buildConfigurations = (
				6973A6611E80716D002746DE /* Debug */,
				6973A6621E80716D002746DE /* Release */,
			);
			defaultConfigurationIsVisible = 0;
			defaultConfigurationName = Release;
		};
		6973A6631E80716D002746DE /* Build configuration list for PBXNativeTarget "WTWApp2Tests" */ = {
			isa = XCConfigurationList;
			buildConfigurations = (
				6973A6641E80716D002746DE /* Debug */,
				6973A6651E80716D002746DE /* Release */,
			);
			defaultConfigurationIsVisible = 0;
			defaultConfigurationName = Release;
		};
		6973A6661E80716D002746DE /* Build configuration list for PBXNativeTarget "WTWApp2UITests" */ = {
			isa = XCConfigurationList;
			buildConfigurations = (
				6973A6671E80716D002746DE /* Debug */,
				6973A6681E80716D002746DE /* Release */,
			);
			defaultConfigurationIsVisible = 0;
			defaultConfigurationName = Release;
		};
/* End XCConfigurationList section */
	};
	rootObject = 6973A6301E80716D002746DE /* Project object */;
}
